// !$*UTF8*$!
{
	archiveVersion = 1;
	classes = {
	};
	objectVersion = 46;
	objects = {

/* Begin PBXBuildFile section */
		F42C3D4F164ECFB000F39185 /* icon_flash_off.png in Resources */ = {isa = PBXBuildFile; fileRef = F42C3D49164ECFB000F39185 /* icon_flash_off.png */; };
		F42C3D50164ECFB000F39185 /* icon_flash_off@2x.png in Resources */ = {isa = PBXBuildFile; fileRef = F42C3D4A164ECFB000F39185 /* icon_flash_off@2x.png */; };
		F42C3D51164ECFB000F39185 /* icon_flash_on.png in Resources */ = {isa = PBXBuildFile; fileRef = F42C3D4B164ECFB000F39185 /* icon_flash_on.png */; };
		F42C3D52164ECFB000F39185 /* icon_flash_on@2x.png in Resources */ = {isa = PBXBuildFile; fileRef = F42C3D4C164ECFB000F39185 /* icon_flash_on@2x.png */; };
		F42C3D53164ECFB000F39185 /* icon_flash_prssed.png in Resources */ = {isa = PBXBuildFile; fileRef = F42C3D4D164ECFB000F39185 /* icon_flash_prssed.png */; };
		F42C3D54164ECFB000F39185 /* icon_flash_prssed@2x.png in Resources */ = {isa = PBXBuildFile; fileRef = F42C3D4E164ECFB000F39185 /* icon_flash_prssed@2x.png */; };
		F42C3D5E164EEDDE00F39185 /* icon_camera_switch_pressed.png in Resources */ = {isa = PBXBuildFile; fileRef = F42C3D5A164EEDDE00F39185 /* icon_camera_switch_pressed.png */; };
		F42C3D5F164EEDDE00F39185 /* icon_camera_switch_pressed@2x.png in Resources */ = {isa = PBXBuildFile; fileRef = F42C3D5B164EEDDE00F39185 /* icon_camera_switch_pressed@2x.png */; };
		F42C3D60164EEDDE00F39185 /* icon_camera_switch.png in Resources */ = {isa = PBXBuildFile; fileRef = F42C3D5C164EEDDE00F39185 /* icon_camera_switch.png */; };
		F42C3D61164EEDDE00F39185 /* icon_camera_switch@2x.png in Resources */ = {isa = PBXBuildFile; fileRef = F42C3D5D164EEDDE00F39185 /* icon_camera_switch@2x.png */; };
		F4B2544E164F40DE00693375 /* border_scale.png in Resources */ = {isa = PBXBuildFile; fileRef = F4B2544C164F40DE00693375 /* border_scale.png */; };
		F4B2544F164F40DE00693375 /* border_scale@2x.png in Resources */ = {isa = PBXBuildFile; fileRef = F4B2544D164F40DE00693375 /* border_scale@2x.png */; };
		F4B25452164F424000693375 /* FilterCollectionViewCell.m in Sources */ = {isa = PBXBuildFile; fileRef = F4B25451164F424000693375 /* FilterCollectionViewCell.m */; };
		F4B25455164F43C400693375 /* filter_selected.png in Resources */ = {isa = PBXBuildFile; fileRef = F4B25453164F43C400693375 /* filter_selected.png */; };
		F4B25456164F43C400693375 /* filter_selected@2x.png in Resources */ = {isa = PBXBuildFile; fileRef = F4B25454164F43C400693375 /* filter_selected@2x.png */; };
		F4B2545A164F51D800693375 /* no-fx.jpg in Resources */ = {isa = PBXBuildFile; fileRef = F4B25458164F51D800693375 /* no-fx.jpg */; };
		F4B2545B164F51D800693375 /* no-fx@2x.jpg in Resources */ = {isa = PBXBuildFile; fileRef = F4B25459164F51D800693375 /* no-fx@2x.jpg */; };
		F4B2545E164F564500693375 /* share_rect@2x.png in Resources */ = {isa = PBXBuildFile; fileRef = F4B2545D164F564500693375 /* share_rect@2x.png */; };
		F4B25460164F565100693375 /* share_rect.png in Resources */ = {isa = PBXBuildFile; fileRef = F4B2545F164F565100693375 /* share_rect.png */; };
		F4B2546D164F57C300693375 /* icon_facebook_selected.png in Resources */ = {isa = PBXBuildFile; fileRef = F4B25461164F57C300693375 /* icon_facebook_selected.png */; };
		F4B2546E164F57C300693375 /* icon_facebook_selected@2x.png in Resources */ = {isa = PBXBuildFile; fileRef = F4B25462164F57C300693375 /* icon_facebook_selected@2x.png */; };
		F4B2546F164F57C300693375 /* icon_facebook.png in Resources */ = {isa = PBXBuildFile; fileRef = F4B25463164F57C300693375 /* icon_facebook.png */; };
		F4B25470164F57C300693375 /* icon_facebook@2x.png in Resources */ = {isa = PBXBuildFile; fileRef = F4B25464164F57C300693375 /* icon_facebook@2x.png */; };
		F4B25471164F57C300693375 /* icon_instagram_selected.png in Resources */ = {isa = PBXBuildFile; fileRef = F4B25465164F57C300693375 /* icon_instagram_selected.png */; };
		F4B25472164F57C300693375 /* icon_instagram_selected@2x.png in Resources */ = {isa = PBXBuildFile; fileRef = F4B25466164F57C300693375 /* icon_instagram_selected@2x.png */; };
		F4B25473164F57C300693375 /* icon_instagram.png in Resources */ = {isa = PBXBuildFile; fileRef = F4B25467164F57C300693375 /* icon_instagram.png */; };
		F4B25474164F57C300693375 /* icon_instagram@2x.png in Resources */ = {isa = PBXBuildFile; fileRef = F4B25468164F57C300693375 /* icon_instagram@2x.png */; };
		F4B25475164F57C300693375 /* icon_twitter_selected.png in Resources */ = {isa = PBXBuildFile; fileRef = F4B25469164F57C300693375 /* icon_twitter_selected.png */; };
		F4B25476164F57C300693375 /* icon_twitter_selected@2x.png in Resources */ = {isa = PBXBuildFile; fileRef = F4B2546A164F57C300693375 /* icon_twitter_selected@2x.png */; };
		F4B25477164F57C300693375 /* icon_twitter.png in Resources */ = {isa = PBXBuildFile; fileRef = F4B2546B164F57C300693375 /* icon_twitter.png */; };
		F4B25478164F57C300693375 /* icon_twitter@2x.png in Resources */ = {isa = PBXBuildFile; fileRef = F4B2546C164F57C300693375 /* icon_twitter@2x.png */; };
		F4B2547B164F59CC00693375 /* done_button.png in Resources */ = {isa = PBXBuildFile; fileRef = F4B25479164F59CC00693375 /* done_button.png */; };
		F4B2547C164F59CC00693375 /* done_button@2x.png in Resources */ = {isa = PBXBuildFile; fileRef = F4B2547A164F59CC00693375 /* done_button@2x.png */; };
		F4B2547F164F5BB800693375 /* navbar_background.png in Resources */ = {isa = PBXBuildFile; fileRef = F4B2547D164F5BB800693375 /* navbar_background.png */; };
		F4B25480164F5BB800693375 /* navbar_background@2x.png in Resources */ = {isa = PBXBuildFile; fileRef = F4B2547E164F5BB800693375 /* navbar_background@2x.png */; };
		F4B25483164F5C3C00693375 /* navbar_back_button.png in Resources */ = {isa = PBXBuildFile; fileRef = F4B25481164F5C3C00693375 /* navbar_back_button.png */; };
		F4B25484164F5C3C00693375 /* navbar_back_button@2x.png in Resources */ = {isa = PBXBuildFile; fileRef = F4B25482164F5C3C00693375 /* navbar_back_button@2x.png */; };
		F4B25487164F63A000693375 /* Midtown.m in Sources */ = {isa = PBXBuildFile; fileRef = F4B25486164F63A000693375 /* Midtown.m */; };
		F4B2548F164F6ADC00693375 /* midtown_overlay.jpg in Resources */ = {isa = PBXBuildFile; fileRef = F4B2548E164F6ADC00693375 /* midtown_overlay.jpg */; };
		F4B25492164F70EE00693375 /* Chipper.m in Sources */ = {isa = PBXBuildFile; fileRef = F4B25491164F70EE00693375 /* Chipper.m */; };
		F4B25495164FB0E300693375 /* GalleryViewController.m in Sources */ = {isa = PBXBuildFile; fileRef = F4B25494164FB0E300693375 /* GalleryViewController.m */; };
		F4B25498164FBA6300693375 /* GalleryCollectionViewCell.m in Sources */ = {isa = PBXBuildFile; fileRef = F4B25497164FBA6200693375 /* GalleryCollectionViewCell.m */; };
		F4B2549B164FBB9500693375 /* Photo.m in Sources */ = {isa = PBXBuildFile; fileRef = F4B2549A164FBB9500693375 /* Photo.m */; };
		F4B2549E164FBDB400693375 /* StorageManager.m in Sources */ = {isa = PBXBuildFile; fileRef = F4B2549D164FBDB400693375 /* StorageManager.m */; };
		F4BF12F6164D5E1800879A13 /* UIKit.framework in Frameworks */ = {isa = PBXBuildFile; fileRef = F4BF12F5164D5E1800879A13 /* UIKit.framework */; };
		F4BF12F8164D5E1800879A13 /* Foundation.framework in Frameworks */ = {isa = PBXBuildFile; fileRef = F4BF12F7164D5E1800879A13 /* Foundation.framework */; };
		F4BF12FA164D5E1800879A13 /* CoreGraphics.framework in Frameworks */ = {isa = PBXBuildFile; fileRef = F4BF12F9164D5E1800879A13 /* CoreGraphics.framework */; };
		F4BF1300164D5E1800879A13 /* InfoPlist.strings in Resources */ = {isa = PBXBuildFile; fileRef = F4BF12FE164D5E1800879A13 /* InfoPlist.strings */; };
		F4BF1302164D5E1800879A13 /* main.m in Sources */ = {isa = PBXBuildFile; fileRef = F4BF1301164D5E1800879A13 /* main.m */; };
		F4BF1306164D5E1800879A13 /* AppDelegate.m in Sources */ = {isa = PBXBuildFile; fileRef = F4BF1305164D5E1800879A13 /* AppDelegate.m */; };
		F4BF1308164D5E1800879A13 /* Default.png in Resources */ = {isa = PBXBuildFile; fileRef = F4BF1307164D5E1800879A13 /* Default.png */; };
		F4BF130A164D5E1800879A13 /* Default@2x.png in Resources */ = {isa = PBXBuildFile; fileRef = F4BF1309164D5E1800879A13 /* Default@2x.png */; };
		F4BF130C164D5E1800879A13 /* Default-568h@2x.png in Resources */ = {isa = PBXBuildFile; fileRef = F4BF130B164D5E1800879A13 /* Default-568h@2x.png */; };
		F4BF1313164D5EC100879A13 /* QuartzCore.framework in Frameworks */ = {isa = PBXBuildFile; fileRef = F4BF1312164D5EC100879A13 /* QuartzCore.framework */; };
		F4BF1315164D5EC400879A13 /* AVFoundation.framework in Frameworks */ = {isa = PBXBuildFile; fileRef = F4BF1314164D5EC400879A13 /* AVFoundation.framework */; };
		F4BF1320164D601100879A13 /* CoreImage.framework in Frameworks */ = {isa = PBXBuildFile; fileRef = F4BF131F164D601100879A13 /* CoreImage.framework */; };
		F4BF132A164D608800879A13 /* MainStoryboard.storyboard in Resources */ = {isa = PBXBuildFile; fileRef = F4BF1329164D608800879A13 /* MainStoryboard.storyboard */; };
		F4BF132D164D60F800879A13 /* CameraViewController.m in Sources */ = {isa = PBXBuildFile; fileRef = F4BF132C164D60F800879A13 /* CameraViewController.m */; };
		F4BF132F164D837E00879A13 /* CoreMedia.framework in Frameworks */ = {isa = PBXBuildFile; fileRef = F4BF132E164D837E00879A13 /* CoreMedia.framework */; };
		F4BF1333164DAEC900879A13 /* FilterGenerator.m in Sources */ = {isa = PBXBuildFile; fileRef = F4BF1332164DAEC900879A13 /* FilterGenerator.m */; };
		F4BF1338164DE43100879A13 /* FilterViewController.m in Sources */ = {isa = PBXBuildFile; fileRef = F4BF1337164DE43100879A13 /* FilterViewController.m */; };
		F4BF133B164DEC4F00879A13 /* Filter.m in Sources */ = {isa = PBXBuildFile; fileRef = F4BF133A164DEC4F00879A13 /* Filter.m */; };
		F4BF1344164EAD8C00879A13 /* ShareViewController.m in Sources */ = {isa = PBXBuildFile; fileRef = F4BF1343164EAD8C00879A13 /* ShareViewController.m */; };
		F4BF1348164EAFDD00879A13 /* Social.framework in Frameworks */ = {isa = PBXBuildFile; fileRef = F4BF1347164EAFDD00879A13 /* Social.framework */; };
		F4BF1350164EC2CE00879A13 /* camera_bar.png in Resources */ = {isa = PBXBuildFile; fileRef = F4BF134A164EC2CE00879A13 /* camera_bar.png */; };
		F4BF1351164EC2CE00879A13 /* camera_bar@2x.png in Resources */ = {isa = PBXBuildFile; fileRef = F4BF134B164EC2CE00879A13 /* camera_bar@2x.png */; };
		F4BF1352164EC2CE00879A13 /* icon_cameraroll.png in Resources */ = {isa = PBXBuildFile; fileRef = F4BF134C164EC2CE00879A13 /* icon_cameraroll.png */; };
		F4BF1353164EC2CE00879A13 /* icon_cameraroll@2x.png in Resources */ = {isa = PBXBuildFile; fileRef = F4BF134D164EC2CE00879A13 /* icon_cameraroll@2x.png */; };
		F4BF1354164EC2CE00879A13 /* icon_gallery.png in Resources */ = {isa = PBXBuildFile; fileRef = F4BF134E164EC2CE00879A13 /* icon_gallery.png */; };
		F4BF1355164EC2CE00879A13 /* icon_gallery@2x.png in Resources */ = {isa = PBXBuildFile; fileRef = F4BF134F164EC2CE00879A13 /* icon_gallery@2x.png */; };
		F4BF1358164EC45C00879A13 /* icon_take.png in Resources */ = {isa = PBXBuildFile; fileRef = F4BF1356164EC45C00879A13 /* icon_take.png */; };
		F4BF1359164EC45C00879A13 /* icon_take@2x.png in Resources */ = {isa = PBXBuildFile; fileRef = F4BF1357164EC45C00879A13 /* icon_take@2x.png */; };
		F4BF135C164EC6AA00879A13 /* camera_overlay.png in Resources */ = {isa = PBXBuildFile; fileRef = F4BF135A164EC6AA00879A13 /* camera_overlay.png */; };
		F4BF135D164EC6AA00879A13 /* camera_overlay@2x.png in Resources */ = {isa = PBXBuildFile; fileRef = F4BF135B164EC6AA00879A13 /* camera_overlay@2x.png */; };
		F4DF3B68164F0A1400917DDB /* libGPUImage.a in Frameworks */ = {isa = PBXBuildFile; fileRef = F4DF3B64164F09DC00917DDB /* libGPUImage.a */; };
		F4DF3B83164F233300917DDB /* icon_cancel.png in Resources */ = {isa = PBXBuildFile; fileRef = F4DF3B77164F233300917DDB /* icon_cancel.png */; };
		F4DF3B84164F233300917DDB /* icon_cancel@2x.png in Resources */ = {isa = PBXBuildFile; fileRef = F4DF3B78164F233300917DDB /* icon_cancel@2x.png */; };
		F4DF3B85164F233300917DDB /* icon_disort.png in Resources */ = {isa = PBXBuildFile; fileRef = F4DF3B79164F233300917DDB /* icon_disort.png */; };
		F4DF3B86164F233300917DDB /* icon_disort@2x.png in Resources */ = {isa = PBXBuildFile; fileRef = F4DF3B7A164F233300917DDB /* icon_disort@2x.png */; };
		F4DF3B87164F233300917DDB /* icon_disort_selected.png in Resources */ = {isa = PBXBuildFile; fileRef = F4DF3B7B164F233300917DDB /* icon_disort_selected.png */; };
		F4DF3B88164F233300917DDB /* icon_disort_selected@2x.png in Resources */ = {isa = PBXBuildFile; fileRef = F4DF3B7C164F233300917DDB /* icon_disort_selected@2x.png */; };
		F4DF3B89164F233300917DDB /* icon_done.png in Resources */ = {isa = PBXBuildFile; fileRef = F4DF3B7D164F233300917DDB /* icon_done.png */; };
		F4DF3B8A164F233300917DDB /* icon_done@2x.png in Resources */ = {isa = PBXBuildFile; fileRef = F4DF3B7E164F233300917DDB /* icon_done@2x.png */; };
		F4DF3B8B164F233300917DDB /* icon_filter.png in Resources */ = {isa = PBXBuildFile; fileRef = F4DF3B7F164F233300917DDB /* icon_filter.png */; };
		F4DF3B8C164F233300917DDB /* icon_filter@2x.png in Resources */ = {isa = PBXBuildFile; fileRef = F4DF3B80164F233300917DDB /* icon_filter@2x.png */; };
		F4DF3B8D164F233300917DDB /* icon_filter_selected.png in Resources */ = {isa = PBXBuildFile; fileRef = F4DF3B81164F233300917DDB /* icon_filter_selected.png */; };
		F4DF3B8E164F233300917DDB /* icon_filter_selected@2x.png in Resources */ = {isa = PBXBuildFile; fileRef = F4DF3B82164F233300917DDB /* icon_filter_selected@2x.png */; };
		F4DF3B91164F24F500917DDB /* arrow.png in Resources */ = {isa = PBXBuildFile; fileRef = F4DF3B8F164F24F500917DDB /* arrow.png */; };
		F4DF3B92164F24F500917DDB /* arrow@2x.png in Resources */ = {isa = PBXBuildFile; fileRef = F4DF3B90164F24F500917DDB /* arrow@2x.png */; };
		F4DF3B95164F359900917DDB /* icon_gray_filter.png in Resources */ = {isa = PBXBuildFile; fileRef = F4DF3B93164F359900917DDB /* icon_gray_filter.png */; };
		F4DF3B96164F359900917DDB /* icon_gray_filter@2x.png in Resources */ = {isa = PBXBuildFile; fileRef = F4DF3B94164F359900917DDB /* icon_gray_filter@2x.png */; };
		F4DF3B9B164F36EB00917DDB /* UIView_DrawRect.m in Sources */ = {isa = PBXBuildFile; fileRef = F4DF3B98164F36EB00917DDB /* UIView_DrawRect.m */; };
		F4DF3B9C164F36EB00917DDB /* UIView+Additional.m in Sources */ = {isa = PBXBuildFile; fileRef = F4DF3B9A164F36EB00917DDB /* UIView+Additional.m */; };
		F4ECDB6A164F021600349691 /* OpenGLES.framework in Frameworks */ = {isa = PBXBuildFile; fileRef = F4ECDB69164F021600349691 /* OpenGLES.framework */; };
		F4ECDB9F164F077400349691 /* CoreVideo.framework in Frameworks */ = {isa = PBXBuildFile; fileRef = F4ECDB9E164F077400349691 /* CoreVideo.framework */; };
/* End PBXBuildFile section */

/* Begin PBXContainerItemProxy section */
		F4DF3B63164F09DC00917DDB /* PBXContainerItemProxy */ = {
			isa = PBXContainerItemProxy;
			containerPortal = F4DF3B5A164F09DC00917DDB /* GPUImage.xcodeproj */;
			proxyType = 2;
			remoteGlobalIDString = BCF1A33414DDB1EC00852800;
			remoteInfo = GPUImage;
		};
		F4DF3B65164F09DC00917DDB /* PBXContainerItemProxy */ = {
			isa = PBXContainerItemProxy;
			containerPortal = F4DF3B5A164F09DC00917DDB /* GPUImage.xcodeproj */;
			proxyType = 2;
			remoteGlobalIDString = BCF1A34414DDB1EC00852800;
			remoteInfo = GPUImageTests;
		};
		F4DF3B69164F0A2C00917DDB /* PBXContainerItemProxy */ = {
			isa = PBXContainerItemProxy;
			containerPortal = F4DF3B5A164F09DC00917DDB /* GPUImage.xcodeproj */;
			proxyType = 1;
			remoteGlobalIDString = BCF1A33314DDB1EC00852800;
			remoteInfo = GPUImage;
		};
/* End PBXContainerItemProxy section */

/* Begin PBXFileReference section */
		F42C3D49164ECFB000F39185 /* icon_flash_off.png */ = {isa = PBXFileReference; lastKnownFileType = image.png; path = icon_flash_off.png; sourceTree = "<group>"; };
		F42C3D4A164ECFB000F39185 /* icon_flash_off@2x.png */ = {isa = PBXFileReference; lastKnownFileType = image.png; path = "icon_flash_off@2x.png"; sourceTree = "<group>"; };
		F42C3D4B164ECFB000F39185 /* icon_flash_on.png */ = {isa = PBXFileReference; lastKnownFileType = image.png; path = icon_flash_on.png; sourceTree = "<group>"; };
		F42C3D4C164ECFB000F39185 /* icon_flash_on@2x.png */ = {isa = PBXFileReference; lastKnownFileType = image.png; path = "icon_flash_on@2x.png"; sourceTree = "<group>"; };
		F42C3D4D164ECFB000F39185 /* icon_flash_prssed.png */ = {isa = PBXFileReference; lastKnownFileType = image.png; path = icon_flash_prssed.png; sourceTree = "<group>"; };
		F42C3D4E164ECFB000F39185 /* icon_flash_prssed@2x.png */ = {isa = PBXFileReference; lastKnownFileType = image.png; path = "icon_flash_prssed@2x.png"; sourceTree = "<group>"; };
		F42C3D57164ED73000F39185 /* Globals.h */ = {isa = PBXFileReference; fileEncoding = 4; lastKnownFileType = sourcecode.c.h; path = Globals.h; sourceTree = "<group>"; };
		F42C3D5A164EEDDE00F39185 /* icon_camera_switch_pressed.png */ = {isa = PBXFileReference; lastKnownFileType = image.png; path = icon_camera_switch_pressed.png; sourceTree = "<group>"; };
		F42C3D5B164EEDDE00F39185 /* icon_camera_switch_pressed@2x.png */ = {isa = PBXFileReference; lastKnownFileType = image.png; path = "icon_camera_switch_pressed@2x.png"; sourceTree = "<group>"; };
		F42C3D5C164EEDDE00F39185 /* icon_camera_switch.png */ = {isa = PBXFileReference; lastKnownFileType = image.png; path = icon_camera_switch.png; sourceTree = "<group>"; };
		F42C3D5D164EEDDE00F39185 /* icon_camera_switch@2x.png */ = {isa = PBXFileReference; lastKnownFileType = image.png; path = "icon_camera_switch@2x.png"; sourceTree = "<group>"; };
		F4B2544C164F40DE00693375 /* border_scale.png */ = {isa = PBXFileReference; lastKnownFileType = image.png; path = border_scale.png; sourceTree = "<group>"; };
		F4B2544D164F40DE00693375 /* border_scale@2x.png */ = {isa = PBXFileReference; lastKnownFileType = image.png; path = "border_scale@2x.png"; sourceTree = "<group>"; };
		F4B25450164F424000693375 /* FilterCollectionViewCell.h */ = {isa = PBXFileReference; fileEncoding = 4; lastKnownFileType = sourcecode.c.h; path = FilterCollectionViewCell.h; sourceTree = "<group>"; };
		F4B25451164F424000693375 /* FilterCollectionViewCell.m */ = {isa = PBXFileReference; fileEncoding = 4; lastKnownFileType = sourcecode.c.objc; path = FilterCollectionViewCell.m; sourceTree = "<group>"; };
		F4B25453164F43C400693375 /* filter_selected.png */ = {isa = PBXFileReference; lastKnownFileType = image.png; path = filter_selected.png; sourceTree = "<group>"; };
		F4B25454164F43C400693375 /* filter_selected@2x.png */ = {isa = PBXFileReference; lastKnownFileType = image.png; path = "filter_selected@2x.png"; sourceTree = "<group>"; };
		F4B25458164F51D800693375 /* no-fx.jpg */ = {isa = PBXFileReference; lastKnownFileType = image.jpeg; path = "no-fx.jpg"; sourceTree = "<group>"; };
		F4B25459164F51D800693375 /* no-fx@2x.jpg */ = {isa = PBXFileReference; lastKnownFileType = image.jpeg; path = "no-fx@2x.jpg"; sourceTree = "<group>"; };
		F4B2545D164F564500693375 /* share_rect@2x.png */ = {isa = PBXFileReference; lastKnownFileType = image.png; path = "share_rect@2x.png"; sourceTree = "<group>"; };
		F4B2545F164F565100693375 /* share_rect.png */ = {isa = PBXFileReference; lastKnownFileType = image.png; path = share_rect.png; sourceTree = "<group>"; };
		F4B25461164F57C300693375 /* icon_facebook_selected.png */ = {isa = PBXFileReference; lastKnownFileType = image.png; path = icon_facebook_selected.png; sourceTree = "<group>"; };
		F4B25462164F57C300693375 /* icon_facebook_selected@2x.png */ = {isa = PBXFileReference; lastKnownFileType = image.png; path = "icon_facebook_selected@2x.png"; sourceTree = "<group>"; };
		F4B25463164F57C300693375 /* icon_facebook.png */ = {isa = PBXFileReference; lastKnownFileType = image.png; path = icon_facebook.png; sourceTree = "<group>"; };
		F4B25464164F57C300693375 /* icon_facebook@2x.png */ = {isa = PBXFileReference; lastKnownFileType = image.png; path = "icon_facebook@2x.png"; sourceTree = "<group>"; };
		F4B25465164F57C300693375 /* icon_instagram_selected.png */ = {isa = PBXFileReference; lastKnownFileType = image.png; path = icon_instagram_selected.png; sourceTree = "<group>"; };
		F4B25466164F57C300693375 /* icon_instagram_selected@2x.png */ = {isa = PBXFileReference; lastKnownFileType = image.png; path = "icon_instagram_selected@2x.png"; sourceTree = "<group>"; };
		F4B25467164F57C300693375 /* icon_instagram.png */ = {isa = PBXFileReference; lastKnownFileType = image.png; path = icon_instagram.png; sourceTree = "<group>"; };
		F4B25468164F57C300693375 /* icon_instagram@2x.png */ = {isa = PBXFileReference; lastKnownFileType = image.png; path = "icon_instagram@2x.png"; sourceTree = "<group>"; };
		F4B25469164F57C300693375 /* icon_twitter_selected.png */ = {isa = PBXFileReference; lastKnownFileType = image.png; path = icon_twitter_selected.png; sourceTree = "<group>"; };
		F4B2546A164F57C300693375 /* icon_twitter_selected@2x.png */ = {isa = PBXFileReference; lastKnownFileType = image.png; path = "icon_twitter_selected@2x.png"; sourceTree = "<group>"; };
		F4B2546B164F57C300693375 /* icon_twitter.png */ = {isa = PBXFileReference; lastKnownFileType = image.png; path = icon_twitter.png; sourceTree = "<group>"; };
		F4B2546C164F57C300693375 /* icon_twitter@2x.png */ = {isa = PBXFileReference; lastKnownFileType = image.png; path = "icon_twitter@2x.png"; sourceTree = "<group>"; };
		F4B25479164F59CC00693375 /* done_button.png */ = {isa = PBXFileReference; lastKnownFileType = image.png; path = done_button.png; sourceTree = "<group>"; };
		F4B2547A164F59CC00693375 /* done_button@2x.png */ = {isa = PBXFileReference; lastKnownFileType = image.png; path = "done_button@2x.png"; sourceTree = "<group>"; };
		F4B2547D164F5BB800693375 /* navbar_background.png */ = {isa = PBXFileReference; lastKnownFileType = image.png; path = navbar_background.png; sourceTree = "<group>"; };
		F4B2547E164F5BB800693375 /* navbar_background@2x.png */ = {isa = PBXFileReference; lastKnownFileType = image.png; path = "navbar_background@2x.png"; sourceTree = "<group>"; };
		F4B25481164F5C3C00693375 /* navbar_back_button.png */ = {isa = PBXFileReference; lastKnownFileType = image.png; path = navbar_back_button.png; sourceTree = "<group>"; };
		F4B25482164F5C3C00693375 /* navbar_back_button@2x.png */ = {isa = PBXFileReference; lastKnownFileType = image.png; path = "navbar_back_button@2x.png"; sourceTree = "<group>"; };
		F4B25485164F63A000693375 /* Midtown.h */ = {isa = PBXFileReference; fileEncoding = 4; lastKnownFileType = sourcecode.c.h; path = Midtown.h; sourceTree = "<group>"; };
		F4B25486164F63A000693375 /* Midtown.m */ = {isa = PBXFileReference; fileEncoding = 4; lastKnownFileType = sourcecode.c.objc; path = Midtown.m; sourceTree = "<group>"; };
		F4B2548E164F6ADC00693375 /* midtown_overlay.jpg */ = {isa = PBXFileReference; lastKnownFileType = image.jpeg; path = midtown_overlay.jpg; sourceTree = "<group>"; };
		F4B25490164F70EE00693375 /* Chipper.h */ = {isa = PBXFileReference; fileEncoding = 4; lastKnownFileType = sourcecode.c.h; path = Chipper.h; sourceTree = "<group>"; };
		F4B25491164F70EE00693375 /* Chipper.m */ = {isa = PBXFileReference; fileEncoding = 4; lastKnownFileType = sourcecode.c.objc; path = Chipper.m; sourceTree = "<group>"; };
		F4B25493164FB0E300693375 /* GalleryViewController.h */ = {isa = PBXFileReference; fileEncoding = 4; lastKnownFileType = sourcecode.c.h; path = GalleryViewController.h; sourceTree = "<group>"; };
		F4B25494164FB0E300693375 /* GalleryViewController.m */ = {isa = PBXFileReference; fileEncoding = 4; lastKnownFileType = sourcecode.c.objc; path = GalleryViewController.m; sourceTree = "<group>"; };
		F4B25496164FBA6200693375 /* GalleryCollectionViewCell.h */ = {isa = PBXFileReference; fileEncoding = 4; lastKnownFileType = sourcecode.c.h; path = GalleryCollectionViewCell.h; sourceTree = "<group>"; };
		F4B25497164FBA6200693375 /* GalleryCollectionViewCell.m */ = {isa = PBXFileReference; fileEncoding = 4; lastKnownFileType = sourcecode.c.objc; path = GalleryCollectionViewCell.m; sourceTree = "<group>"; };
		F4B25499164FBB9500693375 /* Photo.h */ = {isa = PBXFileReference; fileEncoding = 4; lastKnownFileType = sourcecode.c.h; path = Photo.h; sourceTree = "<group>"; };
		F4B2549A164FBB9500693375 /* Photo.m */ = {isa = PBXFileReference; fileEncoding = 4; lastKnownFileType = sourcecode.c.objc; path = Photo.m; sourceTree = "<group>"; };
		F4B2549C164FBDB400693375 /* StorageManager.h */ = {isa = PBXFileReference; fileEncoding = 4; lastKnownFileType = sourcecode.c.h; path = StorageManager.h; sourceTree = "<group>"; };
		F4B2549D164FBDB400693375 /* StorageManager.m */ = {isa = PBXFileReference; fileEncoding = 4; lastKnownFileType = sourcecode.c.objc; path = StorageManager.m; sourceTree = "<group>"; };
		F4BF12F1164D5E1800879A13 /* hipstar.app */ = {isa = PBXFileReference; explicitFileType = wrapper.application; includeInIndex = 0; path = hipstar.app; sourceTree = BUILT_PRODUCTS_DIR; };
		F4BF12F5164D5E1800879A13 /* UIKit.framework */ = {isa = PBXFileReference; lastKnownFileType = wrapper.framework; name = UIKit.framework; path = System/Library/Frameworks/UIKit.framework; sourceTree = SDKROOT; };
		F4BF12F7164D5E1800879A13 /* Foundation.framework */ = {isa = PBXFileReference; lastKnownFileType = wrapper.framework; name = Foundation.framework; path = System/Library/Frameworks/Foundation.framework; sourceTree = SDKROOT; };
		F4BF12F9164D5E1800879A13 /* CoreGraphics.framework */ = {isa = PBXFileReference; lastKnownFileType = wrapper.framework; name = CoreGraphics.framework; path = System/Library/Frameworks/CoreGraphics.framework; sourceTree = SDKROOT; };
		F4BF12FD164D5E1800879A13 /* hipstar-Info.plist */ = {isa = PBXFileReference; lastKnownFileType = text.plist.xml; path = "hipstar-Info.plist"; sourceTree = "<group>"; };
		F4BF12FF164D5E1800879A13 /* en */ = {isa = PBXFileReference; lastKnownFileType = text.plist.strings; name = en; path = en.lproj/InfoPlist.strings; sourceTree = "<group>"; };
		F4BF1301164D5E1800879A13 /* main.m */ = {isa = PBXFileReference; lastKnownFileType = sourcecode.c.objc; path = main.m; sourceTree = "<group>"; };
		F4BF1303164D5E1800879A13 /* hipstar-Prefix.pch */ = {isa = PBXFileReference; lastKnownFileType = sourcecode.c.h; path = "hipstar-Prefix.pch"; sourceTree = "<group>"; };
		F4BF1304164D5E1800879A13 /* AppDelegate.h */ = {isa = PBXFileReference; lastKnownFileType = sourcecode.c.h; name = AppDelegate.h; path = ../AppDelegate.h; sourceTree = "<group>"; };
		F4BF1305164D5E1800879A13 /* AppDelegate.m */ = {isa = PBXFileReference; lastKnownFileType = sourcecode.c.objc; name = AppDelegate.m; path = ../AppDelegate.m; sourceTree = "<group>"; };
		F4BF1307164D5E1800879A13 /* Default.png */ = {isa = PBXFileReference; lastKnownFileType = image.png; path = Default.png; sourceTree = "<group>"; };
		F4BF1309164D5E1800879A13 /* Default@2x.png */ = {isa = PBXFileReference; lastKnownFileType = image.png; path = "Default@2x.png"; sourceTree = "<group>"; };
		F4BF130B164D5E1800879A13 /* Default-568h@2x.png */ = {isa = PBXFileReference; lastKnownFileType = image.png; path = "Default-568h@2x.png"; sourceTree = "<group>"; };
		F4BF1312164D5EC100879A13 /* QuartzCore.framework */ = {isa = PBXFileReference; lastKnownFileType = wrapper.framework; name = QuartzCore.framework; path = System/Library/Frameworks/QuartzCore.framework; sourceTree = SDKROOT; };
		F4BF1314164D5EC400879A13 /* AVFoundation.framework */ = {isa = PBXFileReference; lastKnownFileType = wrapper.framework; name = AVFoundation.framework; path = System/Library/Frameworks/AVFoundation.framework; sourceTree = SDKROOT; };
		F4BF131F164D601100879A13 /* CoreImage.framework */ = {isa = PBXFileReference; lastKnownFileType = wrapper.framework; name = CoreImage.framework; path = System/Library/Frameworks/CoreImage.framework; sourceTree = SDKROOT; };
		F4BF1329164D608800879A13 /* MainStoryboard.storyboard */ = {isa = PBXFileReference; fileEncoding = 4; lastKnownFileType = file.storyboard; path = MainStoryboard.storyboard; sourceTree = "<group>"; };
		F4BF132B164D60F800879A13 /* CameraViewController.h */ = {isa = PBXFileReference; fileEncoding = 4; lastKnownFileType = sourcecode.c.h; path = CameraViewController.h; sourceTree = "<group>"; };
		F4BF132C164D60F800879A13 /* CameraViewController.m */ = {isa = PBXFileReference; fileEncoding = 4; lastKnownFileType = sourcecode.c.objc; path = CameraViewController.m; sourceTree = "<group>"; };
		F4BF132E164D837E00879A13 /* CoreMedia.framework */ = {isa = PBXFileReference; lastKnownFileType = wrapper.framework; name = CoreMedia.framework; path = System/Library/Frameworks/CoreMedia.framework; sourceTree = SDKROOT; };
		F4BF1331164DAEC900879A13 /* FilterGenerator.h */ = {isa = PBXFileReference; fileEncoding = 4; lastKnownFileType = sourcecode.c.h; path = FilterGenerator.h; sourceTree = "<group>"; };
		F4BF1332164DAEC900879A13 /* FilterGenerator.m */ = {isa = PBXFileReference; fileEncoding = 4; lastKnownFileType = sourcecode.c.objc; path = FilterGenerator.m; sourceTree = "<group>"; };
		F4BF1336164DE43100879A13 /* FilterViewController.h */ = {isa = PBXFileReference; fileEncoding = 4; lastKnownFileType = sourcecode.c.h; path = FilterViewController.h; sourceTree = "<group>"; };
		F4BF1337164DE43100879A13 /* FilterViewController.m */ = {isa = PBXFileReference; fileEncoding = 4; lastKnownFileType = sourcecode.c.objc; path = FilterViewController.m; sourceTree = "<group>"; };
		F4BF1339164DEC4F00879A13 /* Filter.h */ = {isa = PBXFileReference; fileEncoding = 4; lastKnownFileType = sourcecode.c.h; path = Filter.h; sourceTree = "<group>"; };
		F4BF133A164DEC4F00879A13 /* Filter.m */ = {isa = PBXFileReference; fileEncoding = 4; lastKnownFileType = sourcecode.c.objc; path = Filter.m; sourceTree = "<group>"; };
		F4BF1342164EAD8C00879A13 /* ShareViewController.h */ = {isa = PBXFileReference; fileEncoding = 4; lastKnownFileType = sourcecode.c.h; path = ShareViewController.h; sourceTree = "<group>"; };
		F4BF1343164EAD8C00879A13 /* ShareViewController.m */ = {isa = PBXFileReference; fileEncoding = 4; lastKnownFileType = sourcecode.c.objc; path = ShareViewController.m; sourceTree = "<group>"; };
		F4BF1347164EAFDD00879A13 /* Social.framework */ = {isa = PBXFileReference; lastKnownFileType = wrapper.framework; name = Social.framework; path = System/Library/Frameworks/Social.framework; sourceTree = SDKROOT; };
		F4BF134A164EC2CE00879A13 /* camera_bar.png */ = {isa = PBXFileReference; lastKnownFileType = image.png; path = camera_bar.png; sourceTree = "<group>"; };
		F4BF134B164EC2CE00879A13 /* camera_bar@2x.png */ = {isa = PBXFileReference; lastKnownFileType = image.png; path = "camera_bar@2x.png"; sourceTree = "<group>"; };
		F4BF134C164EC2CE00879A13 /* icon_cameraroll.png */ = {isa = PBXFileReference; lastKnownFileType = image.png; path = icon_cameraroll.png; sourceTree = "<group>"; };
		F4BF134D164EC2CE00879A13 /* icon_cameraroll@2x.png */ = {isa = PBXFileReference; lastKnownFileType = image.png; path = "icon_cameraroll@2x.png"; sourceTree = "<group>"; };
		F4BF134E164EC2CE00879A13 /* icon_gallery.png */ = {isa = PBXFileReference; lastKnownFileType = image.png; path = icon_gallery.png; sourceTree = "<group>"; };
		F4BF134F164EC2CE00879A13 /* icon_gallery@2x.png */ = {isa = PBXFileReference; lastKnownFileType = image.png; path = "icon_gallery@2x.png"; sourceTree = "<group>"; };
		F4BF1356164EC45C00879A13 /* icon_take.png */ = {isa = PBXFileReference; lastKnownFileType = image.png; path = icon_take.png; sourceTree = "<group>"; };
		F4BF1357164EC45C00879A13 /* icon_take@2x.png */ = {isa = PBXFileReference; lastKnownFileType = image.png; path = "icon_take@2x.png"; sourceTree = "<group>"; };
		F4BF135A164EC6AA00879A13 /* camera_overlay.png */ = {isa = PBXFileReference; lastKnownFileType = image.png; path = camera_overlay.png; sourceTree = "<group>"; };
		F4BF135B164EC6AA00879A13 /* camera_overlay@2x.png */ = {isa = PBXFileReference; lastKnownFileType = image.png; path = "camera_overlay@2x.png"; sourceTree = "<group>"; };
		F4DF3B5A164F09DC00917DDB /* GPUImage.xcodeproj */ = {isa = PBXFileReference; lastKnownFileType = "wrapper.pb-project"; name = GPUImage.xcodeproj; path = Frameworks/GPUImage/GPUImage.xcodeproj; sourceTree = "<group>"; };
		F4DF3B67164F09F200917DDB /* GPUImage.h */ = {isa = PBXFileReference; lastKnownFileType = sourcecode.c.h; name = GPUImage.h; path = Frameworks/GPUImage/Source/GPUImage.h; sourceTree = "<group>"; };
		F4DF3B77164F233300917DDB /* icon_cancel.png */ = {isa = PBXFileReference; lastKnownFileType = image.png; path = icon_cancel.png; sourceTree = "<group>"; };
		F4DF3B78164F233300917DDB /* icon_cancel@2x.png */ = {isa = PBXFileReference; lastKnownFileType = image.png; path = "icon_cancel@2x.png"; sourceTree = "<group>"; };
		F4DF3B79164F233300917DDB /* icon_disort.png */ = {isa = PBXFileReference; lastKnownFileType = image.png; path = icon_disort.png; sourceTree = "<group>"; };
		F4DF3B7A164F233300917DDB /* icon_disort@2x.png */ = {isa = PBXFileReference; lastKnownFileType = image.png; path = "icon_disort@2x.png"; sourceTree = "<group>"; };
		F4DF3B7B164F233300917DDB /* icon_disort_selected.png */ = {isa = PBXFileReference; lastKnownFileType = image.png; path = icon_disort_selected.png; sourceTree = "<group>"; };
		F4DF3B7C164F233300917DDB /* icon_disort_selected@2x.png */ = {isa = PBXFileReference; lastKnownFileType = image.png; path = "icon_disort_selected@2x.png"; sourceTree = "<group>"; };
		F4DF3B7D164F233300917DDB /* icon_done.png */ = {isa = PBXFileReference; lastKnownFileType = image.png; path = icon_done.png; sourceTree = "<group>"; };
		F4DF3B7E164F233300917DDB /* icon_done@2x.png */ = {isa = PBXFileReference; lastKnownFileType = image.png; path = "icon_done@2x.png"; sourceTree = "<group>"; };
		F4DF3B7F164F233300917DDB /* icon_filter.png */ = {isa = PBXFileReference; lastKnownFileType = image.png; path = icon_filter.png; sourceTree = "<group>"; };
		F4DF3B80164F233300917DDB /* icon_filter@2x.png */ = {isa = PBXFileReference; lastKnownFileType = image.png; path = "icon_filter@2x.png"; sourceTree = "<group>"; };
		F4DF3B81164F233300917DDB /* icon_filter_selected.png */ = {isa = PBXFileReference; lastKnownFileType = image.png; path = icon_filter_selected.png; sourceTree = "<group>"; };
		F4DF3B82164F233300917DDB /* icon_filter_selected@2x.png */ = {isa = PBXFileReference; lastKnownFileType = image.png; path = "icon_filter_selected@2x.png"; sourceTree = "<group>"; };
		F4DF3B8F164F24F500917DDB /* arrow.png */ = {isa = PBXFileReference; lastKnownFileType = image.png; path = arrow.png; sourceTree = "<group>"; };
		F4DF3B90164F24F500917DDB /* arrow@2x.png */ = {isa = PBXFileReference; lastKnownFileType = image.png; path = "arrow@2x.png"; sourceTree = "<group>"; };
		F4DF3B93164F359900917DDB /* icon_gray_filter.png */ = {isa = PBXFileReference; lastKnownFileType = image.png; path = icon_gray_filter.png; sourceTree = "<group>"; };
		F4DF3B94164F359900917DDB /* icon_gray_filter@2x.png */ = {isa = PBXFileReference; lastKnownFileType = image.png; path = "icon_gray_filter@2x.png"; sourceTree = "<group>"; };
		F4DF3B97164F36EB00917DDB /* UIView_DrawRect.h */ = {isa = PBXFileReference; fileEncoding = 4; lastKnownFileType = sourcecode.c.h; path = UIView_DrawRect.h; sourceTree = "<group>"; };
		F4DF3B98164F36EB00917DDB /* UIView_DrawRect.m */ = {isa = PBXFileReference; fileEncoding = 4; lastKnownFileType = sourcecode.c.objc; path = UIView_DrawRect.m; sourceTree = "<group>"; };
		F4DF3B99164F36EB00917DDB /* UIView+Additional.h */ = {isa = PBXFileReference; fileEncoding = 4; lastKnownFileType = sourcecode.c.h; path = "UIView+Additional.h"; sourceTree = "<group>"; };
		F4DF3B9A164F36EB00917DDB /* UIView+Additional.m */ = {isa = PBXFileReference; fileEncoding = 4; lastKnownFileType = sourcecode.c.objc; path = "UIView+Additional.m"; sourceTree = "<group>"; };
		F4ECDB69164F021600349691 /* OpenGLES.framework */ = {isa = PBXFileReference; lastKnownFileType = wrapper.framework; name = OpenGLES.framework; path = System/Library/Frameworks/OpenGLES.framework; sourceTree = SDKROOT; };
		F4ECDB9E164F077400349691 /* CoreVideo.framework */ = {isa = PBXFileReference; lastKnownFileType = wrapper.framework; name = CoreVideo.framework; path = System/Library/Frameworks/CoreVideo.framework; sourceTree = SDKROOT; };
/* End PBXFileReference section */

/* Begin PBXFrameworksBuildPhase section */
		F4BF12EE164D5E1800879A13 /* Frameworks */ = {
			isa = PBXFrameworksBuildPhase;
			buildActionMask = 2147483647;
			files = (
				F4DF3B68164F0A1400917DDB /* libGPUImage.a in Frameworks */,
				F4ECDB9F164F077400349691 /* CoreVideo.framework in Frameworks */,
				F4ECDB6A164F021600349691 /* OpenGLES.framework in Frameworks */,
				F4BF1348164EAFDD00879A13 /* Social.framework in Frameworks */,
				F4BF132F164D837E00879A13 /* CoreMedia.framework in Frameworks */,
				F4BF1320164D601100879A13 /* CoreImage.framework in Frameworks */,
				F4BF1315164D5EC400879A13 /* AVFoundation.framework in Frameworks */,
				F4BF1313164D5EC100879A13 /* QuartzCore.framework in Frameworks */,
				F4BF12F6164D5E1800879A13 /* UIKit.framework in Frameworks */,
				F4BF12F8164D5E1800879A13 /* Foundation.framework in Frameworks */,
				F4BF12FA164D5E1800879A13 /* CoreGraphics.framework in Frameworks */,
			);
			runOnlyForDeploymentPostprocessing = 0;
		};
/* End PBXFrameworksBuildPhase section */

/* Begin PBXGroup section */
		F42C3D56164ED72300F39185 /* Defines */ = {
			isa = PBXGroup;
			children = (
				F42C3D57164ED73000F39185 /* Globals.h */,
				F4B2549C164FBDB400693375 /* StorageManager.h */,
				F4B2549D164FBDB400693375 /* StorageManager.m */,
			);
			path = Defines;
			sourceTree = "<group>";
		};
		F4B25457164F51D800693375 /* filter */ = {
			isa = PBXGroup;
			children = (
				F4B25458164F51D800693375 /* no-fx.jpg */,
				F4B25459164F51D800693375 /* no-fx@2x.jpg */,
			);
			path = filter;
			sourceTree = "<group>";
		};
		F4B2545C164F564500693375 /* 1.3 */ = {
			isa = PBXGroup;
			children = (
				F4B25481164F5C3C00693375 /* navbar_back_button.png */,
				F4B25482164F5C3C00693375 /* navbar_back_button@2x.png */,
				F4B2547D164F5BB800693375 /* navbar_background.png */,
				F4B2547E164F5BB800693375 /* navbar_background@2x.png */,
				F4B25479164F59CC00693375 /* done_button.png */,
				F4B2547A164F59CC00693375 /* done_button@2x.png */,
				F4B25461164F57C300693375 /* icon_facebook_selected.png */,
				F4B25462164F57C300693375 /* icon_facebook_selected@2x.png */,
				F4B25463164F57C300693375 /* icon_facebook.png */,
				F4B25464164F57C300693375 /* icon_facebook@2x.png */,
				F4B25465164F57C300693375 /* icon_instagram_selected.png */,
				F4B25466164F57C300693375 /* icon_instagram_selected@2x.png */,
				F4B25467164F57C300693375 /* icon_instagram.png */,
				F4B25468164F57C300693375 /* icon_instagram@2x.png */,
				F4B25469164F57C300693375 /* icon_twitter_selected.png */,
				F4B2546A164F57C300693375 /* icon_twitter_selected@2x.png */,
				F4B2546B164F57C300693375 /* icon_twitter.png */,
				F4B2546C164F57C300693375 /* icon_twitter@2x.png */,
				F4B2545F164F565100693375 /* share_rect.png */,
				F4B2545D164F564500693375 /* share_rect@2x.png */,
			);
			path = 1.3;
			sourceTree = "<group>";
		};
		F4B2548D164F6ADC00693375 /* Filter */ = {
			isa = PBXGroup;
			children = (
				F4B2548E164F6ADC00693375 /* midtown_overlay.jpg */,
			);
			path = Filter;
			sourceTree = "<group>";
		};
		F4BF12E6164D5E1800879A13 = {
			isa = PBXGroup;
			children = (
				F4BF12FB164D5E1800879A13 /* hipstar */,
				F4BF12F4164D5E1800879A13 /* Frameworks */,
				F4BF12F2164D5E1800879A13 /* Products */,
			);
			sourceTree = "<group>";
		};
		F4BF12F2164D5E1800879A13 /* Products */ = {
			isa = PBXGroup;
			children = (
				F4BF12F1164D5E1800879A13 /* hipstar.app */,
			);
			name = Products;
			sourceTree = "<group>";
		};
		F4BF12F4164D5E1800879A13 /* Frameworks */ = {
			isa = PBXGroup;
			children = (
				F4DF3B67164F09F200917DDB /* GPUImage.h */,
				F4DF3B5A164F09DC00917DDB /* GPUImage.xcodeproj */,
				F4ECDB9E164F077400349691 /* CoreVideo.framework */,
				F4ECDB69164F021600349691 /* OpenGLES.framework */,
				F4BF1347164EAFDD00879A13 /* Social.framework */,
				F4BF132E164D837E00879A13 /* CoreMedia.framework */,
				F4BF131F164D601100879A13 /* CoreImage.framework */,
				F4BF1314164D5EC400879A13 /* AVFoundation.framework */,
				F4BF1312164D5EC100879A13 /* QuartzCore.framework */,
				F4BF12F5164D5E1800879A13 /* UIKit.framework */,
				F4BF12F7164D5E1800879A13 /* Foundation.framework */,
				F4BF12F9164D5E1800879A13 /* CoreGraphics.framework */,
			);
			name = Frameworks;
			sourceTree = "<group>";
		};
		F4BF12FB164D5E1800879A13 /* hipstar */ = {
			isa = PBXGroup;
			children = (
				F4BF1321164D606300879A13 /* Classes */,
				F4BF12FC164D5E1800879A13 /* Supporting Files */,
				F4BF1327164D606F00879A13 /* Resources */,
			);
			path = hipstar;
			sourceTree = "<group>";
		};
		F4BF12FC164D5E1800879A13 /* Supporting Files */ = {
			isa = PBXGroup;
			children = (
				F4BF12FD164D5E1800879A13 /* hipstar-Info.plist */,
				F4BF12FE164D5E1800879A13 /* InfoPlist.strings */,
				F4BF1301164D5E1800879A13 /* main.m */,
				F4BF1303164D5E1800879A13 /* hipstar-Prefix.pch */,
				F4BF1307164D5E1800879A13 /* Default.png */,
				F4BF1309164D5E1800879A13 /* Default@2x.png */,
				F4BF130B164D5E1800879A13 /* Default-568h@2x.png */,
			);
			name = "Supporting Files";
			sourceTree = "<group>";
		};
		F4BF1321164D606300879A13 /* Classes */ = {
			isa = PBXGroup;
			children = (
				F4BF1304164D5E1800879A13 /* AppDelegate.h */,
				F4BF1305164D5E1800879A13 /* AppDelegate.m */,
				F42C3D56164ED72300F39185 /* Defines */,
				F4BF1330164DAE1900879A13 /* Filters */,
				F4BF1322164D606300879A13 /* Categories */,
				F4BF1323164D606300879A13 /* Models */,
				F4BF1324164D606300879A13 /* Storyboards */,
				F4BF1325164D606300879A13 /* ViewControllers */,
				F4BF1326164D606300879A13 /* Views */,
			);
			path = Classes;
			sourceTree = "<group>";
		};
		F4BF1322164D606300879A13 /* Categories */ = {
			isa = PBXGroup;
			children = (
				F4DF3B97164F36EB00917DDB /* UIView_DrawRect.h */,
				F4DF3B98164F36EB00917DDB /* UIView_DrawRect.m */,
				F4DF3B99164F36EB00917DDB /* UIView+Additional.h */,
				F4DF3B9A164F36EB00917DDB /* UIView+Additional.m */,
			);
			path = Categories;
			sourceTree = "<group>";
		};
		F4BF1323164D606300879A13 /* Models */ = {
			isa = PBXGroup;
			children = (
				F4B25499164FBB9500693375 /* Photo.h */,
				F4B2549A164FBB9500693375 /* Photo.m */,
			);
			path = Models;
			sourceTree = "<group>";
		};
		F4BF1324164D606300879A13 /* Storyboards */ = {
			isa = PBXGroup;
			children = (
				F4BF1329164D608800879A13 /* MainStoryboard.storyboard */,
			);
			path = Storyboards;
			sourceTree = "<group>";
		};
		F4BF1325164D606300879A13 /* ViewControllers */ = {
			isa = PBXGroup;
			children = (
				F4BF132B164D60F800879A13 /* CameraViewController.h */,
				F4BF132C164D60F800879A13 /* CameraViewController.m */,
				F4BF1336164DE43100879A13 /* FilterViewController.h */,
				F4BF1337164DE43100879A13 /* FilterViewController.m */,
				F4BF1342164EAD8C00879A13 /* ShareViewController.h */,
				F4BF1343164EAD8C00879A13 /* ShareViewController.m */,
				F4B25493164FB0E300693375 /* GalleryViewController.h */,
				F4B25494164FB0E300693375 /* GalleryViewController.m */,
			);
			path = ViewControllers;
			sourceTree = "<group>";
		};
		F4BF1326164D606300879A13 /* Views */ = {
			isa = PBXGroup;
			children = (
				F4B25450164F424000693375 /* FilterCollectionViewCell.h */,
				F4B25451164F424000693375 /* FilterCollectionViewCell.m */,
				F4B25496164FBA6200693375 /* GalleryCollectionViewCell.h */,
				F4B25497164FBA6200693375 /* GalleryCollectionViewCell.m */,
			);
			path = Views;
			sourceTree = "<group>";
		};
		F4BF1327164D606F00879A13 /* Resources */ = {
			isa = PBXGroup;
			children = (
				F4BF1328164D606F00879A13 /* Graphics */,
			);
			path = Resources;
			sourceTree = "<group>";
		};
		F4BF1328164D606F00879A13 /* Graphics */ = {
			isa = PBXGroup;
			children = (
				F4B2548D164F6ADC00693375 /* Filter */,
				F4BF1349164EC2CE00879A13 /* 1.1 */,
				F4DF3B76164F233300917DDB /* 1.2 */,
				F4B2545C164F564500693375 /* 1.3 */,
			);
			path = Graphics;
			sourceTree = "<group>";
		};
		F4BF1330164DAE1900879A13 /* Filters */ = {
			isa = PBXGroup;
			children = (
				F4BF1331164DAEC900879A13 /* FilterGenerator.h */,
				F4BF1332164DAEC900879A13 /* FilterGenerator.m */,
				F4BF1339164DEC4F00879A13 /* Filter.h */,
				F4BF133A164DEC4F00879A13 /* Filter.m */,
				F4B25485164F63A000693375 /* Midtown.h */,
				F4B25486164F63A000693375 /* Midtown.m */,
				F4B25490164F70EE00693375 /* Chipper.h */,
				F4B25491164F70EE00693375 /* Chipper.m */,
			);
			path = Filters;
			sourceTree = "<group>";
		};
		F4BF1349164EC2CE00879A13 /* 1.1 */ = {
			isa = PBXGroup;
			children = (
				F42C3D5A164EEDDE00F39185 /* icon_camera_switch_pressed.png */,
				F42C3D5B164EEDDE00F39185 /* icon_camera_switch_pressed@2x.png */,
				F42C3D5C164EEDDE00F39185 /* icon_camera_switch.png */,
				F42C3D5D164EEDDE00F39185 /* icon_camera_switch@2x.png */,
				F42C3D49164ECFB000F39185 /* icon_flash_off.png */,
				F42C3D4A164ECFB000F39185 /* icon_flash_off@2x.png */,
				F42C3D4B164ECFB000F39185 /* icon_flash_on.png */,
				F42C3D4C164ECFB000F39185 /* icon_flash_on@2x.png */,
				F42C3D4D164ECFB000F39185 /* icon_flash_prssed.png */,
				F42C3D4E164ECFB000F39185 /* icon_flash_prssed@2x.png */,
				F4BF135A164EC6AA00879A13 /* camera_overlay.png */,
				F4BF135B164EC6AA00879A13 /* camera_overlay@2x.png */,
				F4BF1356164EC45C00879A13 /* icon_take.png */,
				F4BF1357164EC45C00879A13 /* icon_take@2x.png */,
				F4BF134A164EC2CE00879A13 /* camera_bar.png */,
				F4BF134B164EC2CE00879A13 /* camera_bar@2x.png */,
				F4BF134C164EC2CE00879A13 /* icon_cameraroll.png */,
				F4BF134D164EC2CE00879A13 /* icon_cameraroll@2x.png */,
				F4BF134E164EC2CE00879A13 /* icon_gallery.png */,
				F4BF134F164EC2CE00879A13 /* icon_gallery@2x.png */,
			);
			name = 1.1;
			path = hipstar/Resources/Graphics/1.1;
			sourceTree = SOURCE_ROOT;
		};
		F4DF3B5B164F09DC00917DDB /* Products */ = {
			isa = PBXGroup;
			children = (
				F4DF3B64164F09DC00917DDB /* libGPUImage.a */,
				F4DF3B66164F09DC00917DDB /* GPUImageTests.octest */,
			);
			name = Products;
			sourceTree = "<group>";
		};
		F4DF3B76164F233300917DDB /* 1.2 */ = {
			isa = PBXGroup;
			children = (
				F4B25457164F51D800693375 /* filter */,
				F4B25453164F43C400693375 /* filter_selected.png */,
				F4B25454164F43C400693375 /* filter_selected@2x.png */,
				F4B2544C164F40DE00693375 /* border_scale.png */,
				F4B2544D164F40DE00693375 /* border_scale@2x.png */,
				F4DF3B93164F359900917DDB /* icon_gray_filter.png */,
				F4DF3B94164F359900917DDB /* icon_gray_filter@2x.png */,
				F4DF3B8F164F24F500917DDB /* arrow.png */,
				F4DF3B90164F24F500917DDB /* arrow@2x.png */,
				F4DF3B77164F233300917DDB /* icon_cancel.png */,
				F4DF3B78164F233300917DDB /* icon_cancel@2x.png */,
				F4DF3B79164F233300917DDB /* icon_disort.png */,
				F4DF3B7A164F233300917DDB /* icon_disort@2x.png */,
				F4DF3B7B164F233300917DDB /* icon_disort_selected.png */,
				F4DF3B7C164F233300917DDB /* icon_disort_selected@2x.png */,
				F4DF3B7D164F233300917DDB /* icon_done.png */,
				F4DF3B7E164F233300917DDB /* icon_done@2x.png */,
				F4DF3B7F164F233300917DDB /* icon_filter.png */,
				F4DF3B80164F233300917DDB /* icon_filter@2x.png */,
				F4DF3B81164F233300917DDB /* icon_filter_selected.png */,
				F4DF3B82164F233300917DDB /* icon_filter_selected@2x.png */,
			);
			path = 1.2;
			sourceTree = "<group>";
		};
/* End PBXGroup section */

/* Begin PBXNativeTarget section */
		F4BF12F0164D5E1800879A13 /* hipstar */ = {
			isa = PBXNativeTarget;
			buildConfigurationList = F4BF130F164D5E1800879A13 /* Build configuration list for PBXNativeTarget "hipstar" */;
			buildPhases = (
				F4BF12ED164D5E1800879A13 /* Sources */,
				F4BF12EE164D5E1800879A13 /* Frameworks */,
				F4BF12EF164D5E1800879A13 /* Resources */,
			);
			buildRules = (
			);
			dependencies = (
				F4DF3B6A164F0A2C00917DDB /* PBXTargetDependency */,
			);
			name = hipstar;
			productName = hipstar;
			productReference = F4BF12F1164D5E1800879A13 /* hipstar.app */;
			productType = "com.apple.product-type.application";
		};
/* End PBXNativeTarget section */

/* Begin PBXProject section */
		F4BF12E8164D5E1800879A13 /* Project object */ = {
			isa = PBXProject;
			attributes = {
				LastUpgradeCheck = 0450;
				ORGANIZATIONNAME = hiddencode.me;
			};
			buildConfigurationList = F4BF12EB164D5E1800879A13 /* Build configuration list for PBXProject "hipstar" */;
			compatibilityVersion = "Xcode 3.2";
			developmentRegion = English;
			hasScannedForEncodings = 0;
			knownRegions = (
				en,
			);
			mainGroup = F4BF12E6164D5E1800879A13;
			productRefGroup = F4BF12F2164D5E1800879A13 /* Products */;
			projectDirPath = "";
			projectReferences = (
				{
					ProductGroup = F4DF3B5B164F09DC00917DDB /* Products */;
					ProjectRef = F4DF3B5A164F09DC00917DDB /* GPUImage.xcodeproj */;
				},
			);
			projectRoot = "";
			targets = (
				F4BF12F0164D5E1800879A13 /* hipstar */,
			);
		};
/* End PBXProject section */

/* Begin PBXReferenceProxy section */
		F4DF3B64164F09DC00917DDB /* libGPUImage.a */ = {
			isa = PBXReferenceProxy;
			fileType = archive.ar;
			path = libGPUImage.a;
			remoteRef = F4DF3B63164F09DC00917DDB /* PBXContainerItemProxy */;
			sourceTree = BUILT_PRODUCTS_DIR;
		};
		F4DF3B66164F09DC00917DDB /* GPUImageTests.octest */ = {
			isa = PBXReferenceProxy;
			fileType = wrapper.cfbundle;
			path = GPUImageTests.octest;
			remoteRef = F4DF3B65164F09DC00917DDB /* PBXContainerItemProxy */;
			sourceTree = BUILT_PRODUCTS_DIR;
		};
/* End PBXReferenceProxy section */

/* Begin PBXResourcesBuildPhase section */
		F4BF12EF164D5E1800879A13 /* Resources */ = {
			isa = PBXResourcesBuildPhase;
			buildActionMask = 2147483647;
			files = (
				F4BF1300164D5E1800879A13 /* InfoPlist.strings in Resources */,
				F4BF1308164D5E1800879A13 /* Default.png in Resources */,
				F4BF130A164D5E1800879A13 /* Default@2x.png in Resources */,
				F4BF130C164D5E1800879A13 /* Default-568h@2x.png in Resources */,
				F4BF132A164D608800879A13 /* MainStoryboard.storyboard in Resources */,
				F4BF1350164EC2CE00879A13 /* camera_bar.png in Resources */,
				F4BF1351164EC2CE00879A13 /* camera_bar@2x.png in Resources */,
				F4BF1352164EC2CE00879A13 /* icon_cameraroll.png in Resources */,
				F4BF1353164EC2CE00879A13 /* icon_cameraroll@2x.png in Resources */,
				F4BF1354164EC2CE00879A13 /* icon_gallery.png in Resources */,
				F4BF1355164EC2CE00879A13 /* icon_gallery@2x.png in Resources */,
				F4BF1358164EC45C00879A13 /* icon_take.png in Resources */,
				F4BF1359164EC45C00879A13 /* icon_take@2x.png in Resources */,
				F4BF135C164EC6AA00879A13 /* camera_overlay.png in Resources */,
				F4BF135D164EC6AA00879A13 /* camera_overlay@2x.png in Resources */,
				F42C3D4F164ECFB000F39185 /* icon_flash_off.png in Resources */,
				F42C3D50164ECFB000F39185 /* icon_flash_off@2x.png in Resources */,
				F42C3D51164ECFB000F39185 /* icon_flash_on.png in Resources */,
				F42C3D52164ECFB000F39185 /* icon_flash_on@2x.png in Resources */,
				F42C3D53164ECFB000F39185 /* icon_flash_prssed.png in Resources */,
				F42C3D54164ECFB000F39185 /* icon_flash_prssed@2x.png in Resources */,
				F42C3D5E164EEDDE00F39185 /* icon_camera_switch_pressed.png in Resources */,
				F42C3D5F164EEDDE00F39185 /* icon_camera_switch_pressed@2x.png in Resources */,
				F42C3D60164EEDDE00F39185 /* icon_camera_switch.png in Resources */,
				F42C3D61164EEDDE00F39185 /* icon_camera_switch@2x.png in Resources */,
				F4DF3B83164F233300917DDB /* icon_cancel.png in Resources */,
				F4DF3B84164F233300917DDB /* icon_cancel@2x.png in Resources */,
				F4DF3B85164F233300917DDB /* icon_disort.png in Resources */,
				F4DF3B86164F233300917DDB /* icon_disort@2x.png in Resources */,
				F4DF3B87164F233300917DDB /* icon_disort_selected.png in Resources */,
				F4DF3B88164F233300917DDB /* icon_disort_selected@2x.png in Resources */,
				F4DF3B89164F233300917DDB /* icon_done.png in Resources */,
				F4DF3B8A164F233300917DDB /* icon_done@2x.png in Resources */,
				F4DF3B8B164F233300917DDB /* icon_filter.png in Resources */,
				F4DF3B8C164F233300917DDB /* icon_filter@2x.png in Resources */,
				F4DF3B8D164F233300917DDB /* icon_filter_selected.png in Resources */,
				F4DF3B8E164F233300917DDB /* icon_filter_selected@2x.png in Resources */,
				F4DF3B91164F24F500917DDB /* arrow.png in Resources */,
				F4DF3B92164F24F500917DDB /* arrow@2x.png in Resources */,
				F4DF3B95164F359900917DDB /* icon_gray_filter.png in Resources */,
				F4DF3B96164F359900917DDB /* icon_gray_filter@2x.png in Resources */,
				F4B2544E164F40DE00693375 /* border_scale.png in Resources */,
				F4B2544F164F40DE00693375 /* border_scale@2x.png in Resources */,
				F4B25455164F43C400693375 /* filter_selected.png in Resources */,
				F4B25456164F43C400693375 /* filter_selected@2x.png in Resources */,
				F4B2545A164F51D800693375 /* no-fx.jpg in Resources */,
				F4B2545B164F51D800693375 /* no-fx@2x.jpg in Resources */,
				F4B2545E164F564500693375 /* share_rect@2x.png in Resources */,
				F4B25460164F565100693375 /* share_rect.png in Resources */,
				F4B2546D164F57C300693375 /* icon_facebook_selected.png in Resources */,
				F4B2546E164F57C300693375 /* icon_facebook_selected@2x.png in Resources */,
				F4B2546F164F57C300693375 /* icon_facebook.png in Resources */,
				F4B25470164F57C300693375 /* icon_facebook@2x.png in Resources */,
				F4B25471164F57C300693375 /* icon_instagram_selected.png in Resources */,
				F4B25472164F57C300693375 /* icon_instagram_selected@2x.png in Resources */,
				F4B25473164F57C300693375 /* icon_instagram.png in Resources */,
				F4B25474164F57C300693375 /* icon_instagram@2x.png in Resources */,
				F4B25475164F57C300693375 /* icon_twitter_selected.png in Resources */,
				F4B25476164F57C300693375 /* icon_twitter_selected@2x.png in Resources */,
				F4B25477164F57C300693375 /* icon_twitter.png in Resources */,
				F4B25478164F57C300693375 /* icon_twitter@2x.png in Resources */,
				F4B2547B164F59CC00693375 /* done_button.png in Resources */,
				F4B2547C164F59CC00693375 /* done_button@2x.png in Resources */,
				F4B2547F164F5BB800693375 /* navbar_background.png in Resources */,
				F4B25480164F5BB800693375 /* navbar_background@2x.png in Resources */,
				F4B25483164F5C3C00693375 /* navbar_back_button.png in Resources */,
				F4B25484164F5C3C00693375 /* navbar_back_button@2x.png in Resources */,
				F4B2548F164F6ADC00693375 /* midtown_overlay.jpg in Resources */,
			);
			runOnlyForDeploymentPostprocessing = 0;
		};
/* End PBXResourcesBuildPhase section */

/* Begin PBXSourcesBuildPhase section */
		F4BF12ED164D5E1800879A13 /* Sources */ = {
			isa = PBXSourcesBuildPhase;
			buildActionMask = 2147483647;
			files = (
				F4BF1302164D5E1800879A13 /* main.m in Sources */,
				F4BF1306164D5E1800879A13 /* AppDelegate.m in Sources */,
				F4BF132D164D60F800879A13 /* CameraViewController.m in Sources */,
				F4BF1333164DAEC900879A13 /* FilterGenerator.m in Sources */,
				F4BF1338164DE43100879A13 /* FilterViewController.m in Sources */,
				F4BF133B164DEC4F00879A13 /* Filter.m in Sources */,
				F4BF1344164EAD8C00879A13 /* ShareViewController.m in Sources */,
				F4DF3B9B164F36EB00917DDB /* UIView_DrawRect.m in Sources */,
				F4DF3B9C164F36EB00917DDB /* UIView+Additional.m in Sources */,
				F4B25452164F424000693375 /* FilterCollectionViewCell.m in Sources */,
				F4B25487164F63A000693375 /* Midtown.m in Sources */,
				F4B25492164F70EE00693375 /* Chipper.m in Sources */,
				F4B25495164FB0E300693375 /* GalleryViewController.m in Sources */,
				F4B25498164FBA6300693375 /* GalleryCollectionViewCell.m in Sources */,
				F4B2549B164FBB9500693375 /* Photo.m in Sources */,
				F4B2549E164FBDB400693375 /* StorageManager.m in Sources */,
			);
			runOnlyForDeploymentPostprocessing = 0;
		};
/* End PBXSourcesBuildPhase section */

/* Begin PBXTargetDependency section */
		F4DF3B6A164F0A2C00917DDB /* PBXTargetDependency */ = {
			isa = PBXTargetDependency;
			name = GPUImage;
			targetProxy = F4DF3B69164F0A2C00917DDB /* PBXContainerItemProxy */;
		};
/* End PBXTargetDependency section */

/* Begin PBXVariantGroup section */
		F4BF12FE164D5E1800879A13 /* InfoPlist.strings */ = {
			isa = PBXVariantGroup;
			children = (
				F4BF12FF164D5E1800879A13 /* en */,
			);
			name = InfoPlist.strings;
			sourceTree = "<group>";
		};
/* End PBXVariantGroup section */

/* Begin XCBuildConfiguration section */
		F4BF130D164D5E1800879A13 /* Debug */ = {
			isa = XCBuildConfiguration;
			buildSettings = {
				ALWAYS_SEARCH_USER_PATHS = NO;
				CLANG_CXX_LANGUAGE_STANDARD = "gnu++0x";
				CLANG_CXX_LIBRARY = "libc++";
				CLANG_ENABLE_OBJC_ARC = YES;
				CLANG_WARN_EMPTY_BODY = YES;
				CLANG_WARN__DUPLICATE_METHOD_MATCH = YES;
				"CODE_SIGN_IDENTITY[sdk=iphoneos*]" = "iPhone Developer";
				COPY_PHASE_STRIP = NO;
				GCC_C_LANGUAGE_STANDARD = gnu99;
				GCC_DYNAMIC_NO_PIC = NO;
				GCC_OPTIMIZATION_LEVEL = 0;
				GCC_PREPROCESSOR_DEFINITIONS = (
					"DEBUG=1",
					"$(inherited)",
				);
				GCC_SYMBOLS_PRIVATE_EXTERN = NO;
				GCC_WARN_ABOUT_RETURN_TYPE = YES;
				GCC_WARN_UNINITIALIZED_AUTOS = YES;
				GCC_WARN_UNUSED_VARIABLE = YES;
				IPHONEOS_DEPLOYMENT_TARGET = 6.0;
				ONLY_ACTIVE_ARCH = YES;
				SDKROOT = iphoneos;
			};
			name = Debug;
		};
		F4BF130E164D5E1800879A13 /* Release */ = {
			isa = XCBuildConfiguration;
			buildSettings = {
				ALWAYS_SEARCH_USER_PATHS = NO;
				CLANG_CXX_LANGUAGE_STANDARD = "gnu++0x";
				CLANG_CXX_LIBRARY = "libc++";
				CLANG_ENABLE_OBJC_ARC = YES;
				CLANG_WARN_EMPTY_BODY = YES;
				CLANG_WARN__DUPLICATE_METHOD_MATCH = YES;
				"CODE_SIGN_IDENTITY[sdk=iphoneos*]" = "iPhone Developer";
				COPY_PHASE_STRIP = YES;
				GCC_C_LANGUAGE_STANDARD = gnu99;
				GCC_WARN_ABOUT_RETURN_TYPE = YES;
				GCC_WARN_UNINITIALIZED_AUTOS = YES;
				GCC_WARN_UNUSED_VARIABLE = YES;
				IPHONEOS_DEPLOYMENT_TARGET = 6.0;
				OTHER_CFLAGS = "-DNS_BLOCK_ASSERTIONS=1";
				SDKROOT = iphoneos;
				VALIDATE_PRODUCT = YES;
			};
			name = Release;
		};
		F4BF1310164D5E1800879A13 /* Debug */ = {
			isa = XCBuildConfiguration;
			buildSettings = {
				GCC_PRECOMPILE_PREFIX_HEADER = YES;
				GCC_PREFIX_HEADER = "hipstar/hipstar-Prefix.pch";
				HEADER_SEARCH_PATHS = "\"$(SRCROOT)/Frameworks/GPUImage/Source/GPUImage.h\"";
				INFOPLIST_FILE = "hipstar/hipstar-Info.plist";
				PRODUCT_NAME = "$(TARGET_NAME)";
				WRAPPER_EXTENSION = app;
			};
			name = Debug;
		};
		F4BF1311164D5E1800879A13 /* Release */ = {
			isa = XCBuildConfiguration;
			buildSettings = {
				GCC_PRECOMPILE_PREFIX_HEADER = YES;
				GCC_PREFIX_HEADER = "hipstar/hipstar-Prefix.pch";
				HEADER_SEARCH_PATHS = "\"$(SRCROOT)/Frameworks/GPUImage/Source/GPUImage.h\"";
				INFOPLIST_FILE = "hipstar/hipstar-Info.plist";
				PRODUCT_NAME = "$(TARGET_NAME)";
				WRAPPER_EXTENSION = app;
			};
			name = Release;
		};
/* End XCBuildConfiguration section */

/* Begin XCConfigurationList section */
		F4BF12EB164D5E1800879A13 /* Build configuration list for PBXProject "hipstar" */ = {
			isa = XCConfigurationList;
			buildConfigurations = (
				F4BF130D164D5E1800879A13 /* Debug */,
				F4BF130E164D5E1800879A13 /* Release */,
			);
			defaultConfigurationIsVisible = 0;
			defaultConfigurationName = Release;
		};
		F4BF130F164D5E1800879A13 /* Build configuration list for PBXNativeTarget "hipstar" */ = {
			isa = XCConfigurationList;
			buildConfigurations = (
				F4BF1310164D5E1800879A13 /* Debug */,
				F4BF1311164D5E1800879A13 /* Release */,
			);
			defaultConfigurationIsVisible = 0;
			defaultConfigurationName = Release;
		};
/* End XCConfigurationList section */
	};
	rootObject = F4BF12E8164D5E1800879A13 /* Project object */;
}
